
Microsoft Visual Studio Solution File, Format Version 12.00
# Visual Studio Version 17
VisualStudioVersion = 17.3.32929.385
MinimumVisualStudioVersion = 10.0.40219.1
Project("{2150E333-8FDC-42A3-9474-1A3956D46DE8}") = "src", "src", "{3012C88E-620C-4D37-B523-4F2D29B172A7}"
EndProject
Project("{2150E333-8FDC-42A3-9474-1A3956D46DE8}") = "Api", "Api", "{58B652DC-4E3F-499E-9F67-7ABEAD0AC72E}"
EndProject
Project("{2150E333-8FDC-42A3-9474-1A3956D46DE8}") = "Clients", "Clients", "{D48802E2-C3EA-4AAE-AF5C-22BB5AE4AD79}"
EndProject
Project("{2150E333-8FDC-42A3-9474-1A3956D46DE8}") = "Projections", "Projections", "{AC69CB1A-C645-4A24-9D5D-D1E1625F2388}"
EndProject
Project("{2150E333-8FDC-42A3-9474-1A3956D46DE8}") = "Common", "Common", "{61D450D1-5BE8-45FC-9D34-8CEFA76C7747}"
EndProject
Project("{2150E333-8FDC-42A3-9474-1A3956D46DE8}") = "Core", "Core", "{F746E0A2-6610-4BAC-AFC3-D070787AA668}"
EndProject
Project("{2150E333-8FDC-42A3-9474-1A3956D46DE8}") = "WebApi", "WebApi", "{0FF1A9C6-D777-432A-A8D2-540AC04B0011}"
EndProject
Project("{2150E333-8FDC-42A3-9474-1A3956D46DE8}") = "Infrastructure", "Infrastructure", "{066D7F28-B262-4342-997E-4BBB878AE2B0}"
EndProject
Project("{2150E333-8FDC-42A3-9474-1A3956D46DE8}") = "BlazorWeb", "BlazorWeb", "{4F9FBEC6-1923-4490-BF28-F80B2061C5FA}"
EndProject
Project("{9A19103F-16F7-4668-BE54-9A1E7A4F7556}") = "Sozluk.Common", "src\Common\Sozluk.Common\Sozluk.Common.csproj", "{6352651D-1FE4-43B3-8FFA-330618687E49}"
EndProject
Project("{9A19103F-16F7-4668-BE54-9A1E7A4F7556}") = "Sozluk.Api.Domain", "src\Api\Core\Sozluk.Api.Domain\Sozluk.Api.Domain.csproj", "{633F7F15-0F4B-4E81-987F-276A47DB9504}"
EndProject
Project("{9A19103F-16F7-4668-BE54-9A1E7A4F7556}") = "Sozluk.Api.Application", "src\Api\Core\Sozluk.Api.Application\Sozluk.Api.Application.csproj", "{C14E4E00-2FA0-4558-9652-4A99DB38BCC2}"
EndProject
Project("{9A19103F-16F7-4668-BE54-9A1E7A4F7556}") = "Sozluk.Infrastructure.Persistence", "src\Api\Infrastructure\Sozluk.Infrastructure.Persistence\Sozluk.Infrastructure.Persistence.csproj", "{F370DF1E-281C-4107-83FC-0EA11A758C2D}"
EndProject
Project("{9A19103F-16F7-4668-BE54-9A1E7A4F7556}") = "Sozluk.Api.WebApi", "src\Api\WebApi\Sozluk.Api.WebApi\Sozluk.Api.WebApi.csproj", "{8CE6E157-6132-4365-A850-E3602EE40BF6}"
EndProject
Project("{9A19103F-16F7-4668-BE54-9A1E7A4F7556}") = "Sozluk.Projections.FavoriteService", "src\Projections\Sozluk.Projections.FavoriteService\Sozluk.Projections.FavoriteService.csproj", "{8DE26829-AAEB-48E1-AD43-5539D9B3330D}"
EndProject
Project("{9A19103F-16F7-4668-BE54-9A1E7A4F7556}") = "Sozluk.Projections.UserService", "src\Projections\Sozluk.Projections.UserService\Sozluk.Projections.UserService.csproj", "{41E15303-89D9-4E9C-B452-ADE8EF119F8F}"
EndProject
Project("{9A19103F-16F7-4668-BE54-9A1E7A4F7556}") = "Sozluk.WebApp", "src\Clients\BlazorWeb\Sozluk.WebApp\Sozluk.WebApp.csproj", "{C027A184-FFC3-4F31-A908-706676EAAE7E}"
EndProject
Project("{9A19103F-16F7-4668-BE54-9A1E7A4F7556}") = "Sozluk.Projections.VoteService", "src\Projections\Sozluk.Projections.VoteService\Sozluk.Projections.VoteService.csproj", "{A85A2CD0-F128-4760-8D18-AF4FCA3F64EE}"
EndProject
Project("{E53339B2-1760-4266-BCC7-CA923CBCF16C}") = "docker-compose", "docker-compose.dcproj", "{09B4557B-F194-446B-9B10-8C7B91C06C27}"
EndProject
Global
	GlobalSection(SolutionConfigurationPlatforms) = preSolution
		Debug|Any CPU = Debug|Any CPU
		Release|Any CPU = Release|Any CPU
	EndGlobalSection
	GlobalSection(ProjectConfigurationPlatforms) = postSolution
		{6352651D-1FE4-43B3-8FFA-330618687E49}.Debug|Any CPU.ActiveCfg = Debug|Any CPU
		{6352651D-1FE4-43B3-8FFA-330618687E49}.Debug|Any CPU.Build.0 = Debug|Any CPU
		{6352651D-1FE4-43B3-8FFA-330618687E49}.Release|Any CPU.ActiveCfg = Release|Any CPU
		{6352651D-1FE4-43B3-8FFA-330618687E49}.Release|Any CPU.Build.0 = Release|Any CPU
		{633F7F15-0F4B-4E81-987F-276A47DB9504}.Debug|Any CPU.ActiveCfg = Debug|Any CPU
		{633F7F15-0F4B-4E81-987F-276A47DB9504}.Debug|Any CPU.Build.0 = Debug|Any CPU
		{633F7F15-0F4B-4E81-987F-276A47DB9504}.Release|Any CPU.ActiveCfg = Release|Any CPU
		{633F7F15-0F4B-4E81-987F-276A47DB9504}.Release|Any CPU.Build.0 = Release|Any CPU
		{C14E4E00-2FA0-4558-9652-4A99DB38BCC2}.Debug|Any CPU.ActiveCfg = Debug|Any CPU
		{C14E4E00-2FA0-4558-9652-4A99DB38BCC2}.Debug|Any CPU.Build.0 = Debug|Any CPU
		{C14E4E00-2FA0-4558-9652-4A99DB38BCC2}.Release|Any CPU.ActiveCfg = Release|Any CPU
		{C14E4E00-2FA0-4558-9652-4A99DB38BCC2}.Release|Any CPU.Build.0 = Release|Any CPU
		{F370DF1E-281C-4107-83FC-0EA11A758C2D}.Debug|Any CPU.ActiveCfg = Debug|Any CPU
		{F370DF1E-281C-4107-83FC-0EA11A758C2D}.Debug|Any CPU.Build.0 = Debug|Any CPU
		{F370DF1E-281C-4107-83FC-0EA11A758C2D}.Release|Any CPU.ActiveCfg = Release|Any CPU
		{F370DF1E-281C-4107-83FC-0EA11A758C2D}.Release|Any CPU.Build.0 = Release|Any CPU
		{8CE6E157-6132-4365-A850-E3602EE40BF6}.Debug|Any CPU.ActiveCfg = Debug|Any CPU
		{8CE6E157-6132-4365-A850-E3602EE40BF6}.Debug|Any CPU.Build.0 = Debug|Any CPU
		{8CE6E157-6132-4365-A850-E3602EE40BF6}.Release|Any CPU.ActiveCfg = Release|Any CPU
		{8CE6E157-6132-4365-A850-E3602EE40BF6}.Release|Any CPU.Build.0 = Release|Any CPU
		{8DE26829-AAEB-48E1-AD43-5539D9B3330D}.Debug|Any CPU.ActiveCfg = Debug|Any CPU
		{8DE26829-AAEB-48E1-AD43-5539D9B3330D}.Debug|Any CPU.Build.0 = Debug|Any CPU
		{8DE26829-AAEB-48E1-AD43-5539D9B3330D}.Release|Any CPU.ActiveCfg = Release|Any CPU
		{8DE26829-AAEB-48E1-AD43-5539D9B3330D}.Release|Any CPU.Build.0 = Release|Any CPU
		{41E15303-89D9-4E9C-B452-ADE8EF119F8F}.Debug|Any CPU.ActiveCfg = Debug|Any CPU
		{41E15303-89D9-4E9C-B452-ADE8EF119F8F}.Debug|Any CPU.Build.0 = Debug|Any CPU
		{41E15303-89D9-4E9C-B452-ADE8EF119F8F}.Release|Any CPU.ActiveCfg = Release|Any CPU
		{41E15303-89D9-4E9C-B452-ADE8EF119F8F}.Release|Any CPU.Build.0 = Release|Any CPU
		{C027A184-FFC3-4F31-A908-706676EAAE7E}.Debug|Any CPU.ActiveCfg = Debug|Any CPU
		{C027A184-FFC3-4F31-A908-706676EAAE7E}.Debug|Any CPU.Build.0 = Debug|Any CPU
		{C027A184-FFC3-4F31-A908-706676EAAE7E}.Release|Any CPU.ActiveCfg = Release|Any CPU
		{C027A184-FFC3-4F31-A908-706676EAAE7E}.Release|Any CPU.Build.0 = Release|Any CPU
		{A85A2CD0-F128-4760-8D18-AF4FCA3F64EE}.Debug|Any CPU.ActiveCfg = Debug|Any CPU
		{A85A2CD0-F128-4760-8D18-AF4FCA3F64EE}.Debug|Any CPU.Build.0 = Debug|Any CPU
		{A85A2CD0-F128-4760-8D18-AF4FCA3F64EE}.Release|Any CPU.ActiveCfg = Release|Any CPU
		{A85A2CD0-F128-4760-8D18-AF4FCA3F64EE}.Release|Any CPU.Build.0 = Release|Any CPU
		{09B4557B-F194-446B-9B10-8C7B91C06C27}.Debug|Any CPU.ActiveCfg = Debug|Any CPU
		{09B4557B-F194-446B-9B10-8C7B91C06C27}.Debug|Any CPU.Build.0 = Debug|Any CPU
		{09B4557B-F194-446B-9B10-8C7B91C06C27}.Release|Any CPU.ActiveCfg = Release|Any CPU
		{09B4557B-F194-446B-9B10-8C7B91C06C27}.Release|Any CPU.Build.0 = Release|Any CPU
	EndGlobalSection
	GlobalSection(SolutionProperties) = preSolution
		HideSolutionNode = FALSE
	EndGlobalSection
	GlobalSection(NestedProjects) = preSolution
		{58B652DC-4E3F-499E-9F67-7ABEAD0AC72E} = {3012C88E-620C-4D37-B523-4F2D29B172A7}
		{D48802E2-C3EA-4AAE-AF5C-22BB5AE4AD79} = {3012C88E-620C-4D37-B523-4F2D29B172A7}
		{AC69CB1A-C645-4A24-9D5D-D1E1625F2388} = {3012C88E-620C-4D37-B523-4F2D29B172A7}
		{61D450D1-5BE8-45FC-9D34-8CEFA76C7747} = {3012C88E-620C-4D37-B523-4F2D29B172A7}
		{F746E0A2-6610-4BAC-AFC3-D070787AA668} = {58B652DC-4E3F-499E-9F67-7ABEAD0AC72E}
		{0FF1A9C6-D777-432A-A8D2-540AC04B0011} = {58B652DC-4E3F-499E-9F67-7ABEAD0AC72E}
		{066D7F28-B262-4342-997E-4BBB878AE2B0} = {58B652DC-4E3F-499E-9F67-7ABEAD0AC72E}
		{4F9FBEC6-1923-4490-BF28-F80B2061C5FA} = {D48802E2-C3EA-4AAE-AF5C-22BB5AE4AD79}
		{6352651D-1FE4-43B3-8FFA-330618687E49} = {61D450D1-5BE8-45FC-9D34-8CEFA76C7747}
		{633F7F15-0F4B-4E81-987F-276A47DB9504} = {F746E0A2-6610-4BAC-AFC3-D070787AA668}
		{C14E4E00-2FA0-4558-9652-4A99DB38BCC2} = {F746E0A2-6610-4BAC-AFC3-D070787AA668}
		{F370DF1E-281C-4107-83FC-0EA11A758C2D} = {066D7F28-B262-4342-997E-4BBB878AE2B0}
		{8CE6E157-6132-4365-A850-E3602EE40BF6} = {0FF1A9C6-D777-432A-A8D2-540AC04B0011}
		{8DE26829-AAEB-48E1-AD43-5539D9B3330D} = {AC69CB1A-C645-4A24-9D5D-D1E1625F2388}
		{41E15303-89D9-4E9C-B452-ADE8EF119F8F} = {AC69CB1A-C645-4A24-9D5D-D1E1625F2388}
		{C027A184-FFC3-4F31-A908-706676EAAE7E} = {4F9FBEC6-1923-4490-BF28-F80B2061C5FA}
		{A85A2CD0-F128-4760-8D18-AF4FCA3F64EE} = {AC69CB1A-C645-4A24-9D5D-D1E1625F2388}
	EndGlobalSection
	GlobalSection(ExtensibilityGlobals) = postSolution
		SolutionGuid = {324AA8D0-B669-49D4-A5CB-942A27A4F270}
	EndGlobalSection
EndGlobal
